
Microsoft Visual Studio Solution File, Format Version 12.00
# Visual Studio Version 16
VisualStudioVersion = 16.0.31729.503
MinimumVisualStudioVersion = 10.0.40219.1
Project("{8BC9CEB8-8B4A-11D0-8D11-00A0C91BC942}") = "OnLib.Logger", "OnLib.Logger\OnLib.Logger.vcxproj", "{651CD690-2342-4C6A-A516-76D6E3C167A1}"
EndProject
Project("{8BC9CEB8-8B4A-11D0-8D11-00A0C91BC942}") = "OnLib", "OnLib\OnLib.vcxproj", "{D9AFE146-FBFF-4314-99B6-CAF138823D6A}"
EndProject
Project("{8BC9CEB8-8B4A-11D0-8D11-00A0C91BC942}") = "OnLib.Networking", "OnLib.Networking\OnLib.Networking.vcxproj", "{244AC26F-C00B-43C8-A88C-6F08212BB1CC}"
EndProject
Project("{8BC9CEB8-8B4A-11D0-8D11-00A0C91BC942}") = "OnLib.Server", "OnLib.Server\OnLib.Server.vcxproj", "{A298C6F2-2F19-4A7E-84EB-D8A326C42C26}"
	ProjectSection(ProjectDependencies) = postProject
		{244AC26F-C00B-43C8-A88C-6F08212BB1CC} = {244AC26F-C00B-43C8-A88C-6F08212BB1CC}
	EndProjectSection
EndProject
Project("{8BC9CEB8-8B4A-11D0-8D11-00A0C91BC942}") = "OnLib.DataTransfer", "OnLib.DataTransfer\OnLib.DataTransfer.vcxproj", "{D347E715-A0AD-4BE0-A568-410E8A9F549F}"
EndProject
Global
	GlobalSection(SolutionConfigurationPlatforms) = preSolution
		Debug|x64 = Debug|x64
		Debug|x86 = Debug|x86
		Release|x64 = Release|x64
		Release|x86 = Release|x86
	EndGlobalSection
	GlobalSection(ProjectConfigurationPlatforms) = postSolution
		{651CD690-2342-4C6A-A516-76D6E3C167A1}.Debug|x64.ActiveCfg = Debug|x64
		{651CD690-2342-4C6A-A516-76D6E3C167A1}.Debug|x64.Build.0 = Debug|x64
		{651CD690-2342-4C6A-A516-76D6E3C167A1}.Debug|x86.ActiveCfg = Debug|Win32
		{651CD690-2342-4C6A-A516-76D6E3C167A1}.Debug|x86.Build.0 = Debug|Win32
		{651CD690-2342-4C6A-A516-76D6E3C167A1}.Release|x64.ActiveCfg = Release|x64
		{651CD690-2342-4C6A-A516-76D6E3C167A1}.Release|x64.Build.0 = Release|x64
		{651CD690-2342-4C6A-A516-76D6E3C167A1}.Release|x86.ActiveCfg = Release|Win32
		{651CD690-2342-4C6A-A516-76D6E3C167A1}.Release|x86.Build.0 = Release|Win32
		{D9AFE146-FBFF-4314-99B6-CAF138823D6A}.Debug|x64.ActiveCfg = Debug|x64
		{D9AFE146-FBFF-4314-99B6-CAF138823D6A}.Debug|x64.Build.0 = Debug|x64
		{D9AFE146-FBFF-4314-99B6-CAF138823D6A}.Debug|x86.ActiveCfg = Debug|Win32
		{D9AFE146-FBFF-4314-99B6-CAF138823D6A}.Debug|x86.Build.0 = Debug|Win32
		{D9AFE146-FBFF-4314-99B6-CAF138823D6A}.Release|x64.ActiveCfg = Release|x64
		{D9AFE146-FBFF-4314-99B6-CAF138823D6A}.Release|x64.Build.0 = Release|x64
		{D9AFE146-FBFF-4314-99B6-CAF138823D6A}.Release|x86.ActiveCfg = Release|Win32
		{D9AFE146-FBFF-4314-99B6-CAF138823D6A}.Release|x86.Build.0 = Release|Win32
		{244AC26F-C00B-43C8-A88C-6F08212BB1CC}.Debug|x64.ActiveCfg = Debug|x64
		{244AC26F-C00B-43C8-A88C-6F08212BB1CC}.Debug|x64.Build.0 = Debug|x64
		{244AC26F-C00B-43C8-A88C-6F08212BB1CC}.Debug|x86.ActiveCfg = Debug|Win32
		{244AC26F-C00B-43C8-A88C-6F08212BB1CC}.Debug|x86.Build.0 = Debug|Win32
		{244AC26F-C00B-43C8-A88C-6F08212BB1CC}.Release|x64.ActiveCfg = Release|x64
		{244AC26F-C00B-43C8-A88C-6F08212BB1CC}.Release|x64.Build.0 = Release|x64
		{244AC26F-C00B-43C8-A88C-6F08212BB1CC}.Release|x86.ActiveCfg = Release|Win32
		{244AC26F-C00B-43C8-A88C-6F08212BB1CC}.Release|x86.Build.0 = Release|Win32
		{A298C6F2-2F19-4A7E-84EB-D8A326C42C26}.Debug|x64.ActiveCfg = Debug|x64
		{A298C6F2-2F19-4A7E-84EB-D8A326C42C26}.Debug|x64.Build.0 = Debug|x64
		{A298C6F2-2F19-4A7E-84EB-D8A326C42C26}.Debug|x86.ActiveCfg = Debug|Win32
		{A298C6F2-2F19-4A7E-84EB-D8A326C42C26}.Debug|x86.Build.0 = Debug|Win32
		{A298C6F2-2F19-4A7E-84EB-D8A326C42C26}.Release|x64.ActiveCfg = Release|x64
		{A298C6F2-2F19-4A7E-84EB-D8A326C42C26}.Release|x64.Build.0 = Release|x64
		{A298C6F2-2F19-4A7E-84EB-D8A326C42C26}.Release|x86.ActiveCfg = Release|Win32
		{A298C6F2-2F19-4A7E-84EB-D8A326C42C26}.Release|x86.Build.0 = Release|Win32
		{D347E715-A0AD-4BE0-A568-410E8A9F549F}.Debug|x64.ActiveCfg = Debug|x64
		{D347E715-A0AD-4BE0-A568-410E8A9F549F}.Debug|x64.Build.0 = Debug|x64
		{D347E715-A0AD-4BE0-A568-410E8A9F549F}.Debug|x86.ActiveCfg = Debug|Win32
		{D347E715-A0AD-4BE0-A568-410E8A9F549F}.Debug|x86.Build.0 = Debug|Win32
		{D347E715-A0AD-4BE0-A568-410E8A9F549F}.Release|x64.ActiveCfg = Release|x64
		{D347E715-A0AD-4BE0-A568-410E8A9F549F}.Release|x64.Build.0 = Release|x64
		{D347E715-A0AD-4BE0-A568-410E8A9F549F}.Release|x86.ActiveCfg = Release|Win32
		{D347E715-A0AD-4BE0-A568-410E8A9F549F}.Release|x86.Build.0 = Release|Win32
	EndGlobalSection
	GlobalSection(SolutionProperties) = preSolution
		HideSolutionNode = FALSE
	EndGlobalSection
	GlobalSection(ExtensibilityGlobals) = postSolution
		SolutionGuid = {97EA1E2D-5D7B-4E2D-89F9-4A1C0A0648E2}
	EndGlobalSection
EndGlobal
